
Microsoft Visual Studio Solution File, Format Version 12.00
# Visual Studio Version 17
VisualStudioVersion = 17.10.35004.147
MinimumVisualStudioVersion = 10.0.40219.1
Project("{FAE04EC0-301F-11D3-BF4B-00C04F79EFBC}") = "Final_Project", "Final_Project\Final_Project.csproj", "{D4282945-C3D7-4B8B-AADC-8AF425243053}"
EndProject
Global
	GlobalSection(SolutionConfigurationPlatforms) = preSolution
		Debug|Any CPU = Debug|Any CPU
		Release|Any CPU = Release|Any CPU
	EndGlobalSection
	GlobalSection(ProjectConfigurationPlatforms) = postSolution
		{D4282945-C3D7-4B8B-AADC-8AF425243053}.Debug|Any CPU.ActiveCfg = Debug|Any CPU
		{D4282945-C3D7-4B8B-AADC-8AF425243053}.Debug|Any CPU.Build.0 = Debug|Any CPU
		{D4282945-C3D7-4B8B-AADC-8AF425243053}.Release|Any CPU.ActiveCfg = Release|Any CPU
		{D4282945-C3D7-4B8B-AADC-8AF425243053}.Release|Any CPU.Build.0 = Release|Any CPU
	EndGlobalSection
	GlobalSection(SolutionProperties) = preSolution
		HideSolutionNode = FALSE
	EndGlobalSection
	GlobalSection(ExtensibilityGlobals) = postSolution
		SolutionGuid = {19F4DC66-0890-4060-8D45-9358FBC196D2}
	EndGlobalSection
EndGlobal
